// !$*UTF8*$!
{
	archiveVersion = 1;
	classes = {
	};
	objectVersion = 55;
	objects = {

/* Begin PBXBuildFile section */
		C6AD8421289858F100D266B5 /* weather_appApp.swift in Sources */ = {isa = PBXBuildFile; fileRef = C6AD8420289858F100D266B5 /* weather_appApp.swift */; };
		C6AD8423289858F100D266B5 /* ContentView.swift in Sources */ = {isa = PBXBuildFile; fileRef = C6AD8422289858F100D266B5 /* ContentView.swift */; };
		C6AD8425289858F500D266B5 /* Assets.xcassets in Resources */ = {isa = PBXBuildFile; fileRef = C6AD8424289858F500D266B5 /* Assets.xcassets */; };
		C6AD8428289858F500D266B5 /* Preview Assets.xcassets in Resources */ = {isa = PBXBuildFile; fileRef = C6AD8427289858F500D266B5 /* Preview Assets.xcassets */; };
		C6AD8432289858F600D266B5 /* weather_appTests.swift in Sources */ = {isa = PBXBuildFile; fileRef = C6AD8431289858F600D266B5 /* weather_appTests.swift */; };
		C6AD843C289858F600D266B5 /* weather_appUITests.swift in Sources */ = {isa = PBXBuildFile; fileRef = C6AD843B289858F600D266B5 /* weather_appUITests.swift */; };
		C6AD843E289858F600D266B5 /* weather_appUITestsLaunchTests.swift in Sources */ = {isa = PBXBuildFile; fileRef = C6AD843D289858F600D266B5 /* weather_appUITestsLaunchTests.swift */; };
/* End PBXBuildFile section */

/* Begin PBXContainerItemProxy section */
		C6AD842E289858F500D266B5 /* PBXContainerItemProxy */ = {
			isa = PBXContainerItemProxy;
			containerPortal = C6AD8415289858F100D266B5 /* Project object */;
			proxyType = 1;
			remoteGlobalIDString = C6AD841C289858F100D266B5;
			remoteInfo = weather_app;
		};
		C6AD8438289858F600D266B5 /* PBXContainerItemProxy */ = {
			isa = PBXContainerItemProxy;
			containerPortal = C6AD8415289858F100D266B5 /* Project object */;
			proxyType = 1;
			remoteGlobalIDString = C6AD841C289858F100D266B5;
			remoteInfo = weather_app;
		};
/* End PBXContainerItemProxy section */

/* Begin PBXFileReference section */
		C6AD841D289858F100D266B5 /* weather_app.app */ = {isa = PBXFileReference; explicitFileType = wrapper.application; includeInIndex = 0; path = weather_app.app; sourceTree = BUILT_PRODUCTS_DIR; };
		C6AD8420289858F100D266B5 /* weather_appApp.swift */ = {isa = PBXFileReference; lastKnownFileType = sourcecode.swift; path = weather_appApp.swift; sourceTree = "<group>"; };
		C6AD8422289858F100D266B5 /* ContentView.swift */ = {isa = PBXFileReference; lastKnownFileType = sourcecode.swift; path = ContentView.swift; sourceTree = "<group>"; };
		C6AD8424289858F500D266B5 /* Assets.xcassets */ = {isa = PBXFileReference; lastKnownFileType = folder.assetcatalog; path = Assets.xcassets; sourceTree = "<group>"; };
		C6AD8427289858F500D266B5 /* Preview Assets.xcassets */ = {isa = PBXFileReference; lastKnownFileType = folder.assetcatalog; path = "Preview Assets.xcassets"; sourceTree = "<group>"; };
		C6AD842D289858F500D266B5 /* weather_appTests.xctest */ = {isa = PBXFileReference; explicitFileType = wrapper.cfbundle; includeInIndex = 0; path = weather_appTests.xctest; sourceTree = BUILT_PRODUCTS_DIR; };
		C6AD8431289858F600D266B5 /* weather_appTests.swift */ = {isa = PBXFileReference; lastKnownFileType = sourcecode.swift; path = weather_appTests.swift; sourceTree = "<group>"; };
		C6AD8437289858F600D266B5 /* weather_appUITests.xctest */ = {isa = PBXFileReference; explicitFileType = wrapper.cfbundle; includeInIndex = 0; path = weather_appUITests.xctest; sourceTree = BUILT_PRODUCTS_DIR; };
		C6AD843B289858F600D266B5 /* weather_appUITests.swift */ = {isa = PBXFileReference; lastKnownFileType = sourcecode.swift; path = weather_appUITests.swift; sourceTree = "<group>"; };
		C6AD843D289858F600D266B5 /* weather_appUITestsLaunchTests.swift */ = {isa = PBXFileReference; lastKnownFileType = sourcecode.swift; path = weather_appUITestsLaunchTests.swift; sourceTree = "<group>"; };
/* End PBXFileReference section */

/* Begin PBXFrameworksBuildPhase section */
		C6AD841A289858F100D266B5 /* Frameworks */ = {
			isa = PBXFrameworksBuildPhase;
			buildActionMask = 2147483647;
			files = (
			);
			runOnlyForDeploymentPostprocessing = 0;
		};
		C6AD842A289858F500D266B5 /* Frameworks */ = {
			isa = PBXFrameworksBuildPhase;
			buildActionMask = 2147483647;
			files = (
			);
			runOnlyForDeploymentPostprocessing = 0;
		};
		C6AD8434289858F600D266B5 /* Frameworks */ = {
			isa = PBXFrameworksBuildPhase;
			buildActionMask = 2147483647;
			files = (
			);
			runOnlyForDeploymentPostprocessing = 0;
		};
/* End PBXFrameworksBuildPhase section */

/* Begin PBXGroup section */
		C6AD8414289858F100D266B5 = {
			isa = PBXGroup;
			children = (
				C6AD841F289858F100D266B5 /* weather_app */,
				C6AD8430289858F600D266B5 /* weather_appTests */,
				C6AD843A289858F600D266B5 /* weather_appUITests */,
				C6AD841E289858F100D266B5 /* Products */,
			);
			sourceTree = "<group>";
		};
		C6AD841E289858F100D266B5 /* Products */ = {
			isa = PBXGroup;
			children = (
				C6AD841D289858F100D266B5 /* weather_app.app */,
				C6AD842D289858F500D266B5 /* weather_appTests.xctest */,
				C6AD8437289858F600D266B5 /* weather_appUITests.xctest */,
			);
			name = Products;
			sourceTree = "<group>";
		};
		C6AD841F289858F100D266B5 /* weather_app */ = {
			isa = PBXGroup;
			children = (
				C6AD8420289858F100D266B5 /* weather_appApp.swift */,
				C6AD8422289858F100D266B5 /* ContentView.swift */,
				C6AD8424289858F500D266B5 /* Assets.xcassets */,
				C6AD8426289858F500D266B5 /* Preview Content */,
			);
			path = weather_app;
			sourceTree = "<group>";
		};
		C6AD8426289858F500D266B5 /* Preview Content */ = {
			isa = PBXGroup;
			children = (
				C6AD8427289858F500D266B5 /* Preview Assets.xcassets */,
			);
			path = "Preview Content";
			sourceTree = "<group>";
		};
		C6AD8430289858F600D266B5 /* weather_appTests */ = {
			isa = PBXGroup;
			children = (
				C6AD8431289858F600D266B5 /* weather_appTests.swift */,
			);
			path = weather_appTests;
			sourceTree = "<group>";
		};
		C6AD843A289858F600D266B5 /* weather_appUITests */ = {
			isa = PBXGroup;
			children = (
				C6AD843B289858F600D266B5 /* weather_appUITests.swift */,
				C6AD843D289858F600D266B5 /* weather_appUITestsLaunchTests.swift */,
			);
			path = weather_appUITests;
			sourceTree = "<group>";
		};
/* End PBXGroup section */

/* Begin PBXNativeTarget section */
		C6AD841C289858F100D266B5 /* weather_app */ = {
			isa = PBXNativeTarget;
			buildConfigurationList = C6AD8441289858F600D266B5 /* Build configuration list for PBXNativeTarget "weather_app" */;
			buildPhases = (
				C6AD8419289858F100D266B5 /* Sources */,
				C6AD841A289858F100D266B5 /* Frameworks */,
				C6AD841B289858F100D266B5 /* Resources */,
			);
			buildRules = (
			);
			dependencies = (
			);
			name = weather_app;
			productName = weather_app;
			productReference = C6AD841D289858F100D266B5 /* weather_app.app */;
			productType = "com.apple.product-type.application";
		};
		C6AD842C289858F500D266B5 /* weather_appTests */ = {
			isa = PBXNativeTarget;
			buildConfigurationList = C6AD8444289858F600D266B5 /* Build configuration list for PBXNativeTarget "weather_appTests" */;
			buildPhases = (
				C6AD8429289858F500D266B5 /* Sources */,
				C6AD842A289858F500D266B5 /* Frameworks */,
				C6AD842B289858F500D266B5 /* Resources */,
			);
			buildRules = (
			);
			dependencies = (
				C6AD842F289858F500D266B5 /* PBXTargetDependency */,
			);
			name = weather_appTests;
			productName = weather_appTests;
			productReference = C6AD842D289858F500D266B5 /* weather_appTests.xctest */;
			productType = "com.apple.product-type.bundle.unit-test";
		};
		C6AD8436289858F600D266B5 /* weather_appUITests */ = {
			isa = PBXNativeTarget;
			buildConfigurationList = C6AD8447289858F600D266B5 /* Build configuration list for PBXNativeTarget "weather_appUITests" */;
			buildPhases = (
				C6AD8433289858F600D266B5 /* Sources */,
				C6AD8434289858F600D266B5 /* Frameworks */,
				C6AD8435289858F600D266B5 /* Resources */,
			);
			buildRules = (
			);
			dependencies = (
				C6AD8439289858F600D266B5 /* PBXTargetDependency */,
			);
			name = weather_appUITests;
			productName = weather_appUITests;
			productReference = C6AD8437289858F600D266B5 /* weather_appUITests.xctest */;
			productType = "com.apple.product-type.bundle.ui-testing";
		};
/* End PBXNativeTarget section */

/* Begin PBXProject section */
		C6AD8415289858F100D266B5 /* Project object */ = {
			isa = PBXProject;
			attributes = {
				BuildIndependentTargetsInParallel = 1;
				LastSwiftUpdateCheck = 1340;
				LastUpgradeCheck = 1340;
				TargetAttributes = {
					C6AD841C289858F100D266B5 = {
						CreatedOnToolsVersion = 13.4.1;
					};
					C6AD842C289858F500D266B5 = {
						CreatedOnToolsVersion = 13.4.1;
						TestTargetID = C6AD841C289858F100D266B5;
					};
					C6AD8436289858F600D266B5 = {
						CreatedOnToolsVersion = 13.4.1;
						TestTargetID = C6AD841C289858F100D266B5;
					};
				};
			};
			buildConfigurationList = C6AD8418289858F100D266B5 /* Build configuration list for PBXProject "weather_app" */;
			compatibilityVersion = "Xcode 13.0";
			developmentRegion = en;
			hasScannedForEncodings = 0;
			knownRegions = (
				en,
				Base,
			);
			mainGroup = C6AD8414289858F100D266B5;
			productRefGroup = C6AD841E289858F100D266B5 /* Products */;
			projectDirPath = "";
			projectRoot = "";
			targets = (
				C6AD841C289858F100D266B5 /* weather_app */,
				C6AD842C289858F500D266B5 /* weather_appTests */,
				C6AD8436289858F600D266B5 /* weather_appUITests */,
			);
		};
/* End PBXProject section */

/* Begin PBXResourcesBuildPhase section */
		C6AD841B289858F100D266B5 /* Resources */ = {
			isa = PBXResourcesBuildPhase;
			buildActionMask = 2147483647;
			files = (
				C6AD8428289858F500D266B5 /* Preview Assets.xcassets in Resources */,
				C6AD8425289858F500D266B5 /* Assets.xcassets in Resources */,
			);
			runOnlyForDeploymentPostprocessing = 0;
		};
		C6AD842B289858F500D266B5 /* Resources */ = {
			isa = PBXResourcesBuildPhase;
			buildActionMask = 2147483647;
			files = (
			);
			runOnlyForDeploymentPostprocessing = 0;
		};
		C6AD8435289858F600D266B5 /* Resources */ = {
			isa = PBXResourcesBuildPhase;
			buildActionMask = 2147483647;
			files = (
			);
			runOnlyForDeploymentPostprocessing = 0;
		};
/* End PBXResourcesBuildPhase section */

/* Begin PBXSourcesBuildPhase section */
		C6AD8419289858F100D266B5 /* Sources */ = {
			isa = PBXSourcesBuildPhase;
			buildActionMask = 2147483647;
			files = (
				C6AD8423289858F100D266B5 /* ContentView.swift in Sources */,
				C6AD8421289858F100D266B5 /* weather_appApp.swift in Sources */,
			);
			runOnlyForDeploymentPostprocessing = 0;
		};
		C6AD8429289858F500D266B5 /* Sources */ = {
			isa = PBXSourcesBuildPhase;
			buildActionMask = 2147483647;
			files = (
				C6AD8432289858F600D266B5 /* weather_appTests.swift in Sources */,
			);
			runOnlyForDeploymentPostprocessing = 0;
		};
		C6AD8433289858F600D266B5 /* Sources */ = {
			isa = PBXSourcesBuildPhase;
			buildActionMask = 2147483647;
			files = (
				C6AD843C289858F600D266B5 /* weather_appUITests.swift in Sources */,
				C6AD843E289858F600D266B5 /* weather_appUITestsLaunchTests.swift in Sources */,
			);
			runOnlyForDeploymentPostprocessing = 0;
		};
/* End PBXSourcesBuildPhase section */

/* Begin PBXTargetDependency section */
		C6AD842F289858F500D266B5 /* PBXTargetDependency */ = {
			isa = PBXTargetDependency;
			target = C6AD841C289858F100D266B5 /* weather_app */;
			targetProxy = C6AD842E289858F500D266B5 /* PBXContainerItemProxy */;
		};
		C6AD8439289858F600D266B5 /* PBXTargetDependency */ = {
			isa = PBXTargetDependency;
			target = C6AD841C289858F100D266B5 /* weather_app */;
			targetProxy = C6AD8438289858F600D266B5 /* PBXContainerItemProxy */;
		};
/* End PBXTargetDependency section */

/* Begin XCBuildConfiguration section */
		C6AD843F289858F600D266B5 /* Debug */ = {
			isa = XCBuildConfiguration;
			buildSettings = {
				ALWAYS_SEARCH_USER_PATHS = NO;
				CLANG_ANALYZER_NONNULL = YES;
				CLANG_ANALYZER_NUMBER_OBJECT_CONVERSION = YES_AGGRESSIVE;
				CLANG_CXX_LANGUAGE_STANDARD = "gnu++17";
				CLANG_ENABLE_MODULES = YES;
				CLANG_ENABLE_OBJC_ARC = YES;
				CLANG_ENABLE_OBJC_WEAK = YES;
				CLANG_WARN_BLOCK_CAPTURE_AUTORELEASING = YES;
				CLANG_WARN_BOOL_CONVERSION = YES;
				CLANG_WARN_COMMA = YES;
				CLANG_WARN_CONSTANT_CONVERSION = YES;
				CLANG_WARN_DEPRECATED_OBJC_IMPLEMENTATIONS = YES;
				CLANG_WARN_DIRECT_OBJC_ISA_USAGE = YES_ERROR;
				CLANG_WARN_DOCUMENTATION_COMMENTS = YES;
				CLANG_WARN_EMPTY_BODY = YES;
				CLANG_WARN_ENUM_CONVERSION = YES;
				CLANG_WARN_INFINITE_RECURSION = YES;
				CLANG_WARN_INT_CONVERSION = YES;
				CLANG_WARN_NON_LITERAL_NULL_CONVERSION = YES;
				CLANG_WARN_OBJC_IMPLICIT_RETAIN_SELF = YES;
				CLANG_WARN_OBJC_LITERAL_CONVERSION = YES;
				CLANG_WARN_OBJC_ROOT_CLASS = YES_ERROR;
				CLANG_WARN_QUOTED_INCLUDE_IN_FRAMEWORK_HEADER = YES;
				CLANG_WARN_RANGE_LOOP_ANALYSIS = YES;
				CLANG_WARN_STRICT_PROTOTYPES = YES;
				CLANG_WARN_SUSPICIOUS_MOVE = YES;
				CLANG_WARN_UNGUARDED_AVAILABILITY = YES_AGGRESSIVE;
				CLANG_WARN_UNREACHABLE_CODE = YES;
				CLANG_WARN__DUPLICATE_METHOD_MATCH = YES;
				COPY_PHASE_STRIP = NO;
				DEBUG_INFORMATION_FORMAT = dwarf;
				ENABLE_STRICT_OBJC_MSGSEND = YES;
				ENABLE_TESTABILITY = YES;
				GCC_C_LANGUAGE_STANDARD = gnu11;
				GCC_DYNAMIC_NO_PIC = NO;
				GCC_NO_COMMON_BLOCKS = YES;
				GCC_OPTIMIZATION_LEVEL = 0;
				GCC_PREPROCESSOR_DEFINITIONS = (
					"DEBUG=1",
					"$(inherited)",
				);
				GCC_WARN_64_TO_32_BIT_CONVERSION = YES;
				GCC_WARN_ABOUT_RETURN_TYPE = YES_ERROR;
				GCC_WARN_UNDECLARED_SELECTOR = YES;
				GCC_WARN_UNINITIALIZED_AUTOS = YES_AGGRESSIVE;
				GCC_WARN_UNUSED_FUNCTION = YES;
				GCC_WARN_UNUSED_VARIABLE = YES;
				IPHONEOS_DEPLOYMENT_TARGET = 15.5;
				MTL_ENABLE_DEBUG_INFO = INCLUDE_SOURCE;
				MTL_FAST_MATH = YES;
				ONLY_ACTIVE_ARCH = YES;
				SDKROOT = iphoneos;
				SWIFT_ACTIVE_COMPILATION_CONDITIONS = DEBUG;
				SWIFT_OPTIMIZATION_LEVEL = "-Onone";
			};
			name = Debug;
		};
		C6AD8440289858F600D266B5 /* Release */ = {
			isa = XCBuildConfiguration;
			buildSettings = {
				ALWAYS_SEARCH_USER_PATHS = NO;
				CLANG_ANALYZER_NONNULL = YES;
				CLANG_ANALYZER_NUMBER_OBJECT_CONVERSION = YES_AGGRESSIVE;
				CLANG_CXX_LANGUAGE_STANDARD = "gnu++17";
				CLANG_ENABLE_MODULES = YES;
				CLANG_ENABLE_OBJC_ARC = YES;
				CLANG_ENABLE_OBJC_WEAK = YES;
				CLANG_WARN_BLOCK_CAPTURE_AUTORELEASING = YES;
				CLANG_WARN_BOOL_CONVERSION = YES;
				CLANG_WARN_COMMA = YES;
				CLANG_WARN_CONSTANT_CONVERSION = YES;
				CLANG_WARN_DEPRECATED_OBJC_IMPLEMENTATIONS = YES;
				CLANG_WARN_DIRECT_OBJC_ISA_USAGE = YES_ERROR;
				CLANG_WARN_DOCUMENTATION_COMMENTS = YES;
				CLANG_WARN_EMPTY_BODY = YES;
				CLANG_WARN_ENUM_CONVERSION = YES;
				CLANG_WARN_INFINITE_RECURSION = YES;
				CLANG_WARN_INT_CONVERSION = YES;
				CLANG_WARN_NON_LITERAL_NULL_CONVERSION = YES;
				CLANG_WARN_OBJC_IMPLICIT_RETAIN_SELF = YES;
				CLANG_WARN_OBJC_LITERAL_CONVERSION = YES;
				CLANG_WARN_OBJC_ROOT_CLASS = YES_ERROR;
				CLANG_WARN_QUOTED_INCLUDE_IN_FRAMEWORK_HEADER = YES;
				CLANG_WARN_RANGE_LOOP_ANALYSIS = YES;
				CLANG_WARN_STRICT_PROTOTYPES = YES;
				CLANG_WARN_SUSPICIOUS_MOVE = YES;
				CLANG_WARN_UNGUARDED_AVAILABILITY = YES_AGGRESSIVE;
				CLANG_WARN_UNREACHABLE_CODE = YES;
				CLANG_WARN__DUPLICATE_METHOD_MATCH = YES;
				COPY_PHASE_STRIP = NO;
				DEBUG_INFORMATION_FORMAT = "dwarf-with-dsym";
				ENABLE_NS_ASSERTIONS = NO;
				ENABLE_STRICT_OBJC_MSGSEND = YES;
				GCC_C_LANGUAGE_STANDARD = gnu11;
				GCC_NO_COMMON_BLOCKS = YES;
				GCC_WARN_64_TO_32_BIT_CONVERSION = YES;
				GCC_WARN_ABOUT_RETURN_TYPE = YES_ERROR;
				GCC_WARN_UNDECLARED_SELECTOR = YES;
				GCC_WARN_UNINITIALIZED_AUTOS = YES_AGGRESSIVE;
				GCC_WARN_UNUSED_FUNCTION = YES;
				GCC_WARN_UNUSED_VARIABLE = YES;
				IPHONEOS_DEPLOYMENT_TARGET = 15.5;
				MTL_ENABLE_DEBUG_INFO = NO;
				MTL_FAST_MATH = YES;
				SDKROOT = iphoneos;
				SWIFT_COMPILATION_MODE = wholemodule;
				SWIFT_OPTIMIZATION_LEVEL = "-O";
				VALIDATE_PRODUCT = YES;
			};
			name = Release;
		};
		C6AD8442289858F600D266B5 /* Debug */ = {
			isa = XCBuildConfiguration;
			buildSettings = {
				ASSETCATALOG_COMPILER_APPICON_NAME = AppIcon;
				ASSETCATALOG_COMPILER_GLOBAL_ACCENT_COLOR_NAME = AccentColor;
				CODE_SIGN_STYLE = Automatic;
				CURRENT_PROJECT_VERSION = 1;
				DEVELOPMENT_ASSET_PATHS = "\"weather_app/Preview Content\"";
				ENABLE_PREVIEWS = YES;
				GENERATE_INFOPLIST_FILE = YES;
				INFOPLIST_KEY_UIApplicationSceneManifest_Generation = YES;
				INFOPLIST_KEY_UIApplicationSupportsIndirectInputEvents = YES;
				INFOPLIST_KEY_UILaunchScreen_Generation = YES;
				INFOPLIST_KEY_UISupportedInterfaceOrientations_iPad = "UIInterfaceOrientationPortrait UIInterfaceOrientationPortraitUpsideDown UIInterfaceOrientationLandscapeLeft UIInterfaceOrientationLandscapeRight";
				INFOPLIST_KEY_UISupportedInterfaceOrientations_iPhone = "UIInterfaceOrientationPortrait UIInterfaceOrientationLandscapeLeft UIInterfaceOrientationLandscapeRight";
				LD_RUNPATH_SEARCH_PATHS = (
					"$(inherited)",
					"@executable_path/Frameworks",
				);
				MARKETING_VERSION = 1.0;
				PRODUCT_BUNDLE_IDENTIFIER = "com.polnash.weather-app";
				PRODUCT_NAME = "$(TARGET_NAME)";
				SWIFT_EMIT_LOC_STRINGS = YES;
				SWIFT_VERSION = 5.0;
				TARGETED_DEVICE_FAMILY = "1,2";
			};
			name = Debug;
		};
		C6AD8443289858F600D266B5 /* Release */ = {
			isa = XCBuildConfiguration;
			buildSettings = {
				ASSETCATALOG_COMPILER_APPICON_NAME = AppIcon;
				ASSETCATALOG_COMPILER_GLOBAL_ACCENT_COLOR_NAME = AccentColor;
				CODE_SIGN_STYLE = Automatic;
				CURRENT_PROJECT_VERSION = 1;
				DEVELOPMENT_ASSET_PATHS = "\"weather_app/Preview Content\"";
				ENABLE_PREVIEWS = YES;
				GENERATE_INFOPLIST_FILE = YES;
				INFOPLIST_KEY_UIApplicationSceneManifest_Generation = YES;
				INFOPLIST_KEY_UIApplicationSupportsIndirectInputEvents = YES;
				INFOPLIST_KEY_UILaunchScreen_Generation = YES;
				INFOPLIST_KEY_UISupportedInterfaceOrientations_iPad = "UIInterfaceOrientationPortrait UIInterfaceOrientationPortraitUpsideDown UIInterfaceOrientationLandscapeLeft UIInterfaceOrientationLandscapeRight";
				INFOPLIST_KEY_UISupportedInterfaceOrientations_iPhone = "UIInterfaceOrientationPortrait UIInterfaceOrientationLandscapeLeft UIInterfaceOrientationLandscapeRight";
				LD_RUNPATH_SEARCH_PATHS = (
					"$(inherited)",
					"@executable_path/Frameworks",
				);
				MARKETING_VERSION = 1.0;
				PRODUCT_BUNDLE_IDENTIFIER = "com.polnash.weather-app";
				PRODUCT_NAME = "$(TARGET_NAME)";
				SWIFT_EMIT_LOC_STRINGS = YES;
				SWIFT_VERSION = 5.0;
				TARGETED_DEVICE_FAMILY = "1,2";
			};
			name = Release;
		};
		C6AD8445289858F600D266B5 /* Debug */ = {
			isa = XCBuildConfiguration;
			buildSettings = {
				ALWAYS_EMBED_SWIFT_STANDARD_LIBRARIES = YES;
				BUNDLE_LOADER = "$(TEST_HOST)";
				CODE_SIGN_STYLE = Automatic;
				CURRENT_PROJECT_VERSION = 1;
				GENERATE_INFOPLIST_FILE = YES;
				IPHONEOS_DEPLOYMENT_TARGET = 15.5;
				MARKETING_VERSION = 1.0;
				PRODUCT_BUNDLE_IDENTIFIER = "com.polnash.weather-appTests";
				PRODUCT_NAME = "$(TARGET_NAME)";
				SWIFT_EMIT_LOC_STRINGS = NO;
				SWIFT_VERSION = 5.0;
				TARGETED_DEVICE_FAMILY = "1,2";
				TEST_HOST = "$(BUILT_PRODUCTS_DIR)/weather_app.app/weather_app";
			};
			name = Debug;
		};
		C6AD8446289858F600D266B5 /* Release */ = {
			isa = XCBuildConfiguration;
			buildSettings = {
				ALWAYS_EMBED_SWIFT_STANDARD_LIBRARIES = YES;
				BUNDLE_LOADER = "$(TEST_HOST)";
				CODE_SIGN_STYLE = Automatic;
				CURRENT_PROJECT_VERSION = 1;
				GENERATE_INFOPLIST_FILE = YES;
				IPHONEOS_DEPLOYMENT_TARGET = 15.5;
				MARKETING_VERSION = 1.0;
				PRODUCT_BUNDLE_IDENTIFIER = "com.polnash.weather-appTests";
				PRODUCT_NAME = "$(TARGET_NAME)";
				SWIFT_EMIT_LOC_STRINGS = NO;
				SWIFT_VERSION = 5.0;
				TARGETED_DEVICE_FAMILY = "1,2";
				TEST_HOST = "$(BUILT_PRODUCTS_DIR)/weather_app.app/weather_app";
			};
			name = Release;
		};
		C6AD8448289858F600D266B5 /* Debug */ = {
			isa = XCBuildConfiguration;
			buildSettings = {
				ALWAYS_EMBED_SWIFT_STANDARD_LIBRARIES = YES;
				CODE_SIGN_STYLE = Automatic;
				CURRENT_PROJECT_VERSION = 1;
				GENERATE_INFOPLIST_FILE = YES;
				MARKETING_VERSION = 1.0;
				PRODUCT_BUNDLE_IDENTIFIER = "com.polnash.weather-appUITests";
				PRODUCT_NAME = "$(TARGET_NAME)";
				SWIFT_EMIT_LOC_STRINGS = NO;
				SWIFT_VERSION = 5.0;
				TARGETED_DEVICE_FAMILY = "1,2";
				TEST_TARGET_NAME = weather_app;
			};
			name = Debug;
		};
		C6AD8449289858F600D266B5 /* Release */ = {
			isa = XCBuildConfiguration;
			buildSettings = {
				ALWAYS_EMBED_SWIFT_STANDARD_LIBRARIES = YES;
				CODE_SIGN_STYLE = Automatic;
				CURRENT_PROJECT_VERSION = 1;
				GENERATE_INFOPLIST_FILE = YES;
				MARKETING_VERSION = 1.0;
				PRODUCT_BUNDLE_IDENTIFIER = "com.polnash.weather-appUITests";
				PRODUCT_NAME = "$(TARGET_NAME)";
				SWIFT_EMIT_LOC_STRINGS = NO;
				SWIFT_VERSION = 5.0;
				TARGETED_DEVICE_FAMILY = "1,2";
				TEST_TARGET_NAME = weather_app;
			};
			name = Release;
		};
/* End XCBuildConfiguration section */

/* Begin XCConfigurationList section */
		C6AD8418289858F100D266B5 /* Build configuration list for PBXProject "weather_app" */ = {
			isa = XCConfigurationList;
			buildConfigurations = (
				C6AD843F289858F600D266B5 /* Debug */,
				C6AD8440289858F600D266B5 /* Release */,
			);
			defaultConfigurationIsVisible = 0;
			defaultConfigurationName = Release;
		};
		C6AD8441289858F600D266B5 /* Build configuration list for PBXNativeTarget "weather_app" */ = {
			isa = XCConfigurationList;
			buildConfigurations = (
				C6AD8442289858F600D266B5 /* Debug */,
				C6AD8443289858F600D266B5 /* Release */,
			);
			defaultConfigurationIsVisible = 0;
			defaultConfigurationName = Release;
		};
		C6AD8444289858F600D266B5 /* Build configuration list for PBXNativeTarget "weather_appTests" */ = {
			isa = XCConfigurationList;
			buildConfigurations = (
				C6AD8445289858F600D266B5 /* Debug */,
				C6AD8446289858F600D266B5 /* Release */,
			);
			defaultConfigurationIsVisible = 0;
			defaultConfigurationName = Release;
		};
		C6AD8447289858F600D266B5 /* Build configuration list for PBXNativeTarget "weather_appUITests" */ = {
			isa = XCConfigurationList;
			buildConfigurations = (
				C6AD8448289858F600D266B5 /* Debug */,
				C6AD8449289858F600D266B5 /* Release */,
			);
			defaultConfigurationIsVisible = 0;
			defaultConfigurationName = Release;
		};
/* End XCConfigurationList section */
	};
	rootObject = C6AD8415289858F100D266B5 /* Project object */;
}
